
Microsoft Visual Studio Solution File, Format Version 12.00
# Visual Studio Version 17
VisualStudioVersion = 17.0.31825.309
MinimumVisualStudioVersion = 10.0.40219.1
Project("{9A19103F-16F7-4668-BE54-9A1E7A4F7556}") = "catalog", "catalog\catalog.csproj", "{9DF57F0E-415E-4461-BDF6-8F626B131D5C}"
EndProject
Project("{9A19103F-16F7-4668-BE54-9A1E7A4F7556}") = "frontend", "frontend\frontend.csproj", "{9A4D24CD-9A61-4094-A45D-D2C138198AC0}"
EndProject
Project("{2150E333-8FDC-42A3-9474-1A3956D46DE8}") = "Solution Items", "Solution Items", "{26E30656-0182-4EEF-B89E-281F23389C42}"
	ProjectSection(SolutionItems) = preProject
		.gitignore = .gitignore
		README.md = README.md
	EndProjectSection
EndProject
Project("{9A19103F-16F7-4668-BE54-9A1E7A4F7556}") = "ordering", "ordering\ordering.csproj", "{0AA4868D-A125-4336-B055-07DBA6D61E6C}"
EndProject
Project("{E53339B2-1760-4266-BCC7-CA923CBCF16C}") = "docker-compose", "docker-compose.dcproj", "{B161A798-6AAB-4AA0-B6AB-F59382E7A413}"
EndProject
Project("{2150E333-8FDC-42A3-9474-1A3956D46DE8}") = "demos", "demos", "{D7D67322-7B4E-4058-A234-CF4E19C1C1EC}"
EndProject
Project("{2150E333-8FDC-42A3-9474-1A3956D46DE8}") = "local-k8s", "local-k8s", "{28C020A7-1F12-48AE-9993-D5AF17D23F6A}"
	ProjectSection(SolutionItems) = preProject
		demos\local-k8s\cluster-role-binding.yml = demos\local-k8s\cluster-role-binding.yml
		demos\local-k8s\dashboard.txt = demos\local-k8s\dashboard.txt
		demos\local-k8s\service-account.yaml = demos\local-k8s\service-account.yaml
	EndProjectSection
EndProject
Project("{2150E333-8FDC-42A3-9474-1A3956D46DE8}") = "Globoticket", "Globoticket", "{6E3D0088-304E-46E2-815B-926899F5CEBA}"
	ProjectSection(SolutionItems) = preProject
		demos\local-k8s\Globoticket\catalog.yaml = demos\local-k8s\Globoticket\catalog.yaml
		demos\local-k8s\Globoticket\frontend.yaml = demos\local-k8s\Globoticket\frontend.yaml
		demos\local-k8s\Globoticket\ordering.yaml = demos\local-k8s\Globoticket\ordering.yaml
		demos\local-k8s\Globoticket\sqlserver.yaml = demos\local-k8s\Globoticket\sqlserver.yaml
	EndProjectSection
EndProject
Project("{2150E333-8FDC-42A3-9474-1A3956D46DE8}") = "remote-k8s", "remote-k8s", "{3FE6272C-2B19-4B36-9439-C112D2DF630F}"
	ProjectSection(SolutionItems) = preProject
		demos\remote-k8s\create-acr.txt = demos\remote-k8s\create-acr.txt
		demos\remote-k8s\create-cluster.txt = demos\remote-k8s\create-cluster.txt
	EndProjectSection
EndProject
Project("{2150E333-8FDC-42A3-9474-1A3956D46DE8}") = "Globoticket", "Globoticket", "{9059D156-CC54-4A46-8123-DAF5D3A94E44}"
	ProjectSection(SolutionItems) = preProject
		demos\remote-k8s\Globoticket\catalog.yaml = demos\remote-k8s\Globoticket\catalog.yaml
		demos\remote-k8s\Globoticket\frontend.yaml = demos\remote-k8s\Globoticket\frontend.yaml
		demos\remote-k8s\Globoticket\ordering.yaml = demos\remote-k8s\Globoticket\ordering.yaml
		demos\remote-k8s\Globoticket\sqlserver.yaml = demos\remote-k8s\Globoticket\sqlserver.yaml
	EndProjectSection
EndProject
Project("{2150E333-8FDC-42A3-9474-1A3956D46DE8}") = "improve-security", "improve-security", "{A006FB5B-4158-4018-9E39-E49F72558852}"
	ProjectSection(SolutionItems) = preProject
		demos\remote-k8s\improve-security\caddy-ingress.yaml = demos\remote-k8s\improve-security\caddy-ingress.yaml
		demos\remote-k8s\improve-security\Caddy-SSL-Ingress.txt = demos\remote-k8s\improve-security\Caddy-SSL-Ingress.txt
		demos\remote-k8s\improve-security\catalog.yaml = demos\remote-k8s\improve-security\catalog.yaml
		demos\remote-k8s\improve-security\create-non-root-container.txt = demos\remote-k8s\improve-security\create-non-root-container.txt
		demos\remote-k8s\improve-security\deploy-istio.txt = demos\remote-k8s\improve-security\deploy-istio.txt
		demos\remote-k8s\improve-security\frontend.yaml = demos\remote-k8s\improve-security\frontend.yaml
		demos\remote-k8s\improve-security\ingress-caddy.yml = demos\remote-k8s\improve-security\ingress-caddy.yml
		demos\remote-k8s\improve-security\namespace.yaml = demos\remote-k8s\improve-security\namespace.yaml
		demos\remote-k8s\improve-security\ordering.yaml = demos\remote-k8s\improve-security\ordering.yaml
		demos\remote-k8s\improve-security\run-kube-bench.txt = demos\remote-k8s\improve-security\run-kube-bench.txt
		demos\remote-k8s\improve-security\sqlserver.yaml = demos\remote-k8s\improve-security\sqlserver.yaml
	EndProjectSection
EndProject
Project("{2150E333-8FDC-42A3-9474-1A3956D46DE8}") = "policies", "policies", "{3C89DE76-1E93-42C2-B522-75754DECD372}"
	ProjectSection(SolutionItems) = preProject
		demos\remote-k8s\improve-security\policies\frontend.yaml = demos\remote-k8s\improve-security\policies\frontend.yaml
		demos\remote-k8s\improve-security\policies\Install Kyverno.txt = demos\remote-k8s\improve-security\policies\Install Kyverno.txt
		demos\remote-k8s\improve-security\policies\RunAsNonRoot.yaml = demos\remote-k8s\improve-security\policies\RunAsNonRoot.yaml
	EndProjectSection
EndProject
Project("{2150E333-8FDC-42A3-9474-1A3956D46DE8}") = "observability", "observability", "{A29F37AB-89B9-47C4-B012-04BBC283F3D2}"
	ProjectSection(SolutionItems) = preProject
		demos\remote-k8s\observability\catalog.yaml = demos\remote-k8s\observability\catalog.yaml
		demos\remote-k8s\observability\frontend.yaml = demos\remote-k8s\observability\frontend.yaml
		demos\remote-k8s\observability\Globoticket.side = demos\remote-k8s\observability\Globoticket.side
		demos\remote-k8s\observability\ordering.yaml = demos\remote-k8s\observability\ordering.yaml
		demos\remote-k8s\observability\prometheus-config.yaml = demos\remote-k8s\observability\prometheus-config.yaml
	EndProjectSection
EndProject
Global
	GlobalSection(SolutionConfigurationPlatforms) = preSolution
		Debug|Any CPU = Debug|Any CPU
		Release|Any CPU = Release|Any CPU
	EndGlobalSection
	GlobalSection(ProjectConfigurationPlatforms) = postSolution
		{9DF57F0E-415E-4461-BDF6-8F626B131D5C}.Debug|Any CPU.ActiveCfg = Debug|Any CPU
		{9DF57F0E-415E-4461-BDF6-8F626B131D5C}.Debug|Any CPU.Build.0 = Debug|Any CPU
		{9DF57F0E-415E-4461-BDF6-8F626B131D5C}.Release|Any CPU.ActiveCfg = Release|Any CPU
		{9DF57F0E-415E-4461-BDF6-8F626B131D5C}.Release|Any CPU.Build.0 = Release|Any CPU
		{9A4D24CD-9A61-4094-A45D-D2C138198AC0}.Debug|Any CPU.ActiveCfg = Debug|Any CPU
		{9A4D24CD-9A61-4094-A45D-D2C138198AC0}.Debug|Any CPU.Build.0 = Debug|Any CPU
		{9A4D24CD-9A61-4094-A45D-D2C138198AC0}.Release|Any CPU.ActiveCfg = Release|Any CPU
		{9A4D24CD-9A61-4094-A45D-D2C138198AC0}.Release|Any CPU.Build.0 = Release|Any CPU
		{0AA4868D-A125-4336-B055-07DBA6D61E6C}.Debug|Any CPU.ActiveCfg = Debug|Any CPU
		{0AA4868D-A125-4336-B055-07DBA6D61E6C}.Debug|Any CPU.Build.0 = Debug|Any CPU
		{0AA4868D-A125-4336-B055-07DBA6D61E6C}.Release|Any CPU.ActiveCfg = Release|Any CPU
		{0AA4868D-A125-4336-B055-07DBA6D61E6C}.Release|Any CPU.Build.0 = Release|Any CPU
		{B161A798-6AAB-4AA0-B6AB-F59382E7A413}.Debug|Any CPU.ActiveCfg = Debug|Any CPU
		{B161A798-6AAB-4AA0-B6AB-F59382E7A413}.Debug|Any CPU.Build.0 = Debug|Any CPU
		{B161A798-6AAB-4AA0-B6AB-F59382E7A413}.Release|Any CPU.ActiveCfg = Release|Any CPU
		{B161A798-6AAB-4AA0-B6AB-F59382E7A413}.Release|Any CPU.Build.0 = Release|Any CPU
	EndGlobalSection
	GlobalSection(SolutionProperties) = preSolution
		HideSolutionNode = FALSE
	EndGlobalSection
	GlobalSection(NestedProjects) = preSolution
		{28C020A7-1F12-48AE-9993-D5AF17D23F6A} = {26E30656-0182-4EEF-B89E-281F23389C42}
		{6E3D0088-304E-46E2-815B-926899F5CEBA} = {28C020A7-1F12-48AE-9993-D5AF17D23F6A}
		{3FE6272C-2B19-4B36-9439-C112D2DF630F} = {26E30656-0182-4EEF-B89E-281F23389C42}
		{9059D156-CC54-4A46-8123-DAF5D3A94E44} = {3FE6272C-2B19-4B36-9439-C112D2DF630F}
		{A006FB5B-4158-4018-9E39-E49F72558852} = {3FE6272C-2B19-4B36-9439-C112D2DF630F}
		{3C89DE76-1E93-42C2-B522-75754DECD372} = {A006FB5B-4158-4018-9E39-E49F72558852}
		{A29F37AB-89B9-47C4-B012-04BBC283F3D2} = {3FE6272C-2B19-4B36-9439-C112D2DF630F}
	EndGlobalSection
	GlobalSection(ExtensibilityGlobals) = postSolution
		SolutionGuid = {E9F232D3-5386-4E57-B49F-7AF54A4A8843}
	EndGlobalSection
EndGlobal
